// !$*UTF8*$!
{
	archiveVersion = 1;
	classes = {
	};
	objectVersion = 77;
	objects = {

/* Begin PBXBuildFile section */
		3859807E2D9DC345000B4E83 /* ContentView.swift in Sources */ = {isa = PBXBuildFile; fileRef = 3859807B2D9DC345000B4E83 /* ContentView.swift */; };
		3859807F2D9DC345000B4E83 /* iOS_TwoQApp.swift in Sources */ = {isa = PBXBuildFile; fileRef = 3859807C2D9DC345000B4E83 /* iOS_TwoQApp.swift */; };
		385980802D9DC345000B4E83 /* Preview Assets.xcassets in Resources */ = {isa = PBXBuildFile; fileRef = 385980782D9DC345000B4E83 /* Preview Assets.xcassets */; };
		385980812D9DC345000B4E83 /* Assets.xcassets in Resources */ = {isa = PBXBuildFile; fileRef = 3859807A2D9DC345000B4E83 /* Assets.xcassets */; };
		3859808A2D9DC477000B4E83 /* User.swift in Sources */ = {isa = PBXBuildFile; fileRef = 385980892D9DC477000B4E83 /* User.swift */; };
		3859808C2D9DC50F000B4E83 /* MainView.swift in Sources */ = {isa = PBXBuildFile; fileRef = 3859808B2D9DC50F000B4E83 /* MainView.swift */; };
		3859808F2D9DC5DA000B4E83 /* CardStackView.swift in Sources */ = {isa = PBXBuildFile; fileRef = 3859808E2D9DC5DA000B4E83 /* CardStackView.swift */; };
		385980912D9DC5F9000B4E83 /* UserProfileView.swift in Sources */ = {isa = PBXBuildFile; fileRef = 385980902D9DC5F9000B4E83 /* UserProfileView.swift */; };
		385980932D9DC61A000B4E83 /* MatchesView.swift in Sources */ = {isa = PBXBuildFile; fileRef = 385980922D9DC61A000B4E83 /* MatchesView.swift */; };
		385980962D9E0001000B4E83 /* LoginView.swift in Sources */ = {isa = PBXBuildFile; fileRef = 385980952D9E0001000B4E83 /* LoginView.swift */; };
		385980982D9E0014000B4E83 /* RegistrationView.swift in Sources */ = {isa = PBXBuildFile; fileRef = 385980972D9E0014000B4E83 /* RegistrationView.swift */; };
		3859809A2D9E001F000B4E83 /* AuthViewModel.swift in Sources */ = {isa = PBXBuildFile; fileRef = 385980992D9E001F000B4E83 /* AuthViewModel.swift */; };
		3859809C2D9E3C88000B4E83 /* UserCardView.swift in Sources */ = {isa = PBXBuildFile; fileRef = 3859809B2D9E3C88000B4E83 /* UserCardView.swift */; };
		385980A22DA758C3000B4E83 /* MockUser.swift in Sources */ = {isa = PBXBuildFile; fileRef = 385980A12DA758C3000B4E83 /* MockUser.swift */; };
		385980A52DA75ABF000B4E83 /* TagBubbleView.swift in Sources */ = {isa = PBXBuildFile; fileRef = 385980A42DA75ABF000B4E83 /* TagBubbleView.swift */; };
		385980A72DA75FC6000B4E83 /* PromptResponseBubbleView.swift in Sources */ = {isa = PBXBuildFile; fileRef = 385980A62DA75FC6000B4E83 /* PromptResponseBubbleView.swift */; };
		385980A92DA76729000B4E83 /* UserSynopsisView.swift in Sources */ = {isa = PBXBuildFile; fileRef = 385980A82DA76729000B4E83 /* UserSynopsisView.swift */; };
		385980C72DB095DF000B4E83 /* Models.swift in Sources */ = {isa = PBXBuildFile; fileRef = 385980C62DB095DF000B4E83 /* Models.swift */; };
		387002762DB892B700CFE492 /* CardsViewModel.swift in Sources */ = {isa = PBXBuildFile; fileRef = 387002752DB892B700CFE492 /* CardsViewModel.swift */; };
		387002792DB8945B00CFE492 /* CardService.swift in Sources */ = {isa = PBXBuildFile; fileRef = 387002782DB8945B00CFE492 /* CardService.swift */; };
		3870027D2DC27CFE00CFE492 /* SkeletonView.swift in Sources */ = {isa = PBXBuildFile; fileRef = 3870027C2DC27CFE00CFE492 /* SkeletonView.swift */; };
		3870027F2DC2830C00CFE492 /* CardLoadingView.swift in Sources */ = {isa = PBXBuildFile; fileRef = 3870027E2DC2830C00CFE492 /* CardLoadingView.swift */; };
		387002812DC2925A00CFE492 /* MatchButtonsView.swift in Sources */ = {isa = PBXBuildFile; fileRef = 387002802DC2925A00CFE492 /* MatchButtonsView.swift */; };
		387002832DC99A6500CFE492 /* MatchesViewModel.swift in Sources */ = {isa = PBXBuildFile; fileRef = 387002822DC99A6500CFE492 /* MatchesViewModel.swift */; };
		387003032DD66CE300CFE492 /* Constants.swift in Sources */ = {isa = PBXBuildFile; fileRef = 387003022DD66CE300CFE492 /* Constants.swift */; };
		387003212DD66DC700CFE492 /* MatchService.swift in Sources */ = {isa = PBXBuildFile; fileRef = 387003202DD66DC700CFE492 /* MatchService.swift */; };
		6708CB6E2DA74987005F087B /* GoogleService-Info.plist in Resources */ = {isa = PBXBuildFile; fileRef = 6708CB6D2DA74987005F087B /* GoogleService-Info.plist */; };
		6748A31F2DA74EC700AF1132 /* FirebaseAnalytics in Frameworks */ = {isa = PBXBuildFile; productRef = 6748A31E2DA74EC700AF1132 /* FirebaseAnalytics */; };
		6748A3212DA74EC700AF1132 /* FirebaseAnalyticsOnDeviceConversion in Frameworks */ = {isa = PBXBuildFile; productRef = 6748A3202DA74EC700AF1132 /* FirebaseAnalyticsOnDeviceConversion */; };
		6748A3232DA74EC700AF1132 /* FirebaseAnalyticsWithoutAdIdSupport in Frameworks */ = {isa = PBXBuildFile; productRef = 6748A3222DA74EC700AF1132 /* FirebaseAnalyticsWithoutAdIdSupport */; };
		6748A3252DA74EC700AF1132 /* FirebaseAppCheck in Frameworks */ = {isa = PBXBuildFile; productRef = 6748A3242DA74EC700AF1132 /* FirebaseAppCheck */; };
		6748A3272DA74EC700AF1132 /* FirebaseAppDistribution-Beta in Frameworks */ = {isa = PBXBuildFile; productRef = 6748A3262DA74EC700AF1132 /* FirebaseAppDistribution-Beta */; };
		6748A3292DA74EC700AF1132 /* FirebaseAuth in Frameworks */ = {isa = PBXBuildFile; productRef = 6748A3282DA74EC700AF1132 /* FirebaseAuth */; };
		6748A32B2DA74EC700AF1132 /* FirebaseAuthCombine-Community in Frameworks */ = {isa = PBXBuildFile; productRef = 6748A32A2DA74EC700AF1132 /* FirebaseAuthCombine-Community */; };
		6748A32D2DA74EC700AF1132 /* FirebaseCore in Frameworks */ = {isa = PBXBuildFile; productRef = 6748A32C2DA74EC700AF1132 /* FirebaseCore */; };
		6748A32F2DA74EC700AF1132 /* FirebaseCrashlytics in Frameworks */ = {isa = PBXBuildFile; productRef = 6748A32E2DA74EC700AF1132 /* FirebaseCrashlytics */; };
		6748A3312DA74EC700AF1132 /* FirebaseDatabase in Frameworks */ = {isa = PBXBuildFile; productRef = 6748A3302DA74EC700AF1132 /* FirebaseDatabase */; };
		6748A3332DA74EC700AF1132 /* FirebaseDynamicLinks in Frameworks */ = {isa = PBXBuildFile; productRef = 6748A3322DA74EC700AF1132 /* FirebaseDynamicLinks */; };
		6748A3352DA74EC700AF1132 /* FirebaseFirestore in Frameworks */ = {isa = PBXBuildFile; productRef = 6748A3342DA74EC700AF1132 /* FirebaseFirestore */; };
		6748A3372DA74EC700AF1132 /* FirebaseFirestoreCombine-Community in Frameworks */ = {isa = PBXBuildFile; productRef = 6748A3362DA74EC700AF1132 /* FirebaseFirestoreCombine-Community */; };
		6748A3392DA74EC700AF1132 /* FirebaseFunctions in Frameworks */ = {isa = PBXBuildFile; productRef = 6748A3382DA74EC700AF1132 /* FirebaseFunctions */; };
		6748A33B2DA74EC700AF1132 /* FirebaseFunctionsCombine-Community in Frameworks */ = {isa = PBXBuildFile; productRef = 6748A33A2DA74EC700AF1132 /* FirebaseFunctionsCombine-Community */; };
		6748A33D2DA74EC700AF1132 /* FirebaseInAppMessaging-Beta in Frameworks */ = {isa = PBXBuildFile; productRef = 6748A33C2DA74EC700AF1132 /* FirebaseInAppMessaging-Beta */; };
		6748A33F2DA74EC700AF1132 /* FirebaseInstallations in Frameworks */ = {isa = PBXBuildFile; productRef = 6748A33E2DA74EC700AF1132 /* FirebaseInstallations */; };
		6748A3412DA74EC700AF1132 /* FirebaseMLModelDownloader in Frameworks */ = {isa = PBXBuildFile; productRef = 6748A3402DA74EC700AF1132 /* FirebaseMLModelDownloader */; };
		6748A3432DA74EC700AF1132 /* FirebaseMessaging in Frameworks */ = {isa = PBXBuildFile; productRef = 6748A3422DA74EC700AF1132 /* FirebaseMessaging */; };
		6748A3452DA74EC700AF1132 /* FirebasePerformance in Frameworks */ = {isa = PBXBuildFile; productRef = 6748A3442DA74EC700AF1132 /* FirebasePerformance */; };
		6748A3472DA74EC700AF1132 /* FirebaseRemoteConfig in Frameworks */ = {isa = PBXBuildFile; productRef = 6748A3462DA74EC700AF1132 /* FirebaseRemoteConfig */; };
		6748A3492DA74EC700AF1132 /* FirebaseStorage in Frameworks */ = {isa = PBXBuildFile; productRef = 6748A3482DA74EC700AF1132 /* FirebaseStorage */; };
		6748A34B2DA74EC700AF1132 /* FirebaseStorageCombine-Community in Frameworks */ = {isa = PBXBuildFile; productRef = 6748A34A2DA74EC700AF1132 /* FirebaseStorageCombine-Community */; };
		6748A34D2DA74EC700AF1132 /* FirebaseVertexAI in Frameworks */ = {isa = PBXBuildFile; productRef = 6748A34C2DA74EC700AF1132 /* FirebaseVertexAI */; };
		67BD4FD12DBD898A005E5D36 /* EditProfileView.swift in Sources */ = {isa = PBXBuildFile; fileRef = 67BD4FD02DBD898A005E5D36 /* EditProfileView.swift */; };
		67BD4FD32DBD89CC005E5D36 /* MatchPreferencesView.swift in Sources */ = {isa = PBXBuildFile; fileRef = 67BD4FD22DBD89CC005E5D36 /* MatchPreferencesView.swift */; };
		67FB4F5E2DC6E6D8004D392E /* CompleteProfileView.swift in Sources */ = {isa = PBXBuildFile; fileRef = 67FB4F5D2DC6E6D8004D392E /* CompleteProfileView.swift */; };
/* End PBXBuildFile section */

/* Begin PBXFileReference section */
		385980672D9DC33F000B4E83 /* iOS-TwoQ.app */ = {isa = PBXFileReference; explicitFileType = wrapper.application; includeInIndex = 0; path = "iOS-TwoQ.app"; sourceTree = BUILT_PRODUCTS_DIR; };
		385980782D9DC345000B4E83 /* Preview Assets.xcassets */ = {isa = PBXFileReference; lastKnownFileType = folder.assetcatalog; path = "Preview Assets.xcassets"; sourceTree = "<group>"; };
		3859807A2D9DC345000B4E83 /* Assets.xcassets */ = {isa = PBXFileReference; lastKnownFileType = folder.assetcatalog; path = Assets.xcassets; sourceTree = "<group>"; };
		3859807B2D9DC345000B4E83 /* ContentView.swift */ = {isa = PBXFileReference; lastKnownFileType = sourcecode.swift; path = ContentView.swift; sourceTree = "<group>"; };
		3859807C2D9DC345000B4E83 /* iOS_TwoQApp.swift */ = {isa = PBXFileReference; lastKnownFileType = sourcecode.swift; path = iOS_TwoQApp.swift; sourceTree = "<group>"; };
		385980892D9DC477000B4E83 /* User.swift */ = {isa = PBXFileReference; lastKnownFileType = sourcecode.swift; path = User.swift; sourceTree = "<group>"; };
		3859808B2D9DC50F000B4E83 /* MainView.swift */ = {isa = PBXFileReference; lastKnownFileType = sourcecode.swift; path = MainView.swift; sourceTree = "<group>"; };
		3859808E2D9DC5DA000B4E83 /* CardStackView.swift */ = {isa = PBXFileReference; lastKnownFileType = sourcecode.swift; path = CardStackView.swift; sourceTree = "<group>"; };
		385980902D9DC5F9000B4E83 /* UserProfileView.swift */ = {isa = PBXFileReference; lastKnownFileType = sourcecode.swift; path = UserProfileView.swift; sourceTree = "<group>"; };
		385980922D9DC61A000B4E83 /* MatchesView.swift */ = {isa = PBXFileReference; lastKnownFileType = sourcecode.swift; path = MatchesView.swift; sourceTree = "<group>"; };
		385980952D9E0001000B4E83 /* LoginView.swift */ = {isa = PBXFileReference; lastKnownFileType = sourcecode.swift; path = LoginView.swift; sourceTree = "<group>"; };
		385980972D9E0014000B4E83 /* RegistrationView.swift */ = {isa = PBXFileReference; lastKnownFileType = sourcecode.swift; path = RegistrationView.swift; sourceTree = "<group>"; };
		385980992D9E001F000B4E83 /* AuthViewModel.swift */ = {isa = PBXFileReference; lastKnownFileType = sourcecode.swift; path = AuthViewModel.swift; sourceTree = "<group>"; };
		3859809B2D9E3C88000B4E83 /* UserCardView.swift */ = {isa = PBXFileReference; lastKnownFileType = sourcecode.swift; path = UserCardView.swift; sourceTree = "<group>"; };
		385980A12DA758C3000B4E83 /* MockUser.swift */ = {isa = PBXFileReference; lastKnownFileType = sourcecode.swift; path = MockUser.swift; sourceTree = "<group>"; };
		385980A42DA75ABF000B4E83 /* TagBubbleView.swift */ = {isa = PBXFileReference; lastKnownFileType = sourcecode.swift; path = TagBubbleView.swift; sourceTree = "<group>"; };
		385980A62DA75FC6000B4E83 /* PromptResponseBubbleView.swift */ = {isa = PBXFileReference; lastKnownFileType = sourcecode.swift; path = PromptResponseBubbleView.swift; sourceTree = "<group>"; };
		385980A82DA76729000B4E83 /* UserSynopsisView.swift */ = {isa = PBXFileReference; lastKnownFileType = sourcecode.swift; path = UserSynopsisView.swift; sourceTree = "<group>"; };
		385980C62DB095DF000B4E83 /* Models.swift */ = {isa = PBXFileReference; lastKnownFileType = sourcecode.swift; path = Models.swift; sourceTree = "<group>"; };
		387002752DB892B700CFE492 /* CardsViewModel.swift */ = {isa = PBXFileReference; lastKnownFileType = sourcecode.swift; path = CardsViewModel.swift; sourceTree = "<group>"; };
		387002782DB8945B00CFE492 /* CardService.swift */ = {isa = PBXFileReference; lastKnownFileType = sourcecode.swift; path = CardService.swift; sourceTree = "<group>"; };
		3870027C2DC27CFE00CFE492 /* SkeletonView.swift */ = {isa = PBXFileReference; lastKnownFileType = sourcecode.swift; path = SkeletonView.swift; sourceTree = "<group>"; };
		3870027E2DC2830C00CFE492 /* CardLoadingView.swift */ = {isa = PBXFileReference; lastKnownFileType = sourcecode.swift; path = CardLoadingView.swift; sourceTree = "<group>"; };
		387002802DC2925A00CFE492 /* MatchButtonsView.swift */ = {isa = PBXFileReference; lastKnownFileType = sourcecode.swift; path = MatchButtonsView.swift; sourceTree = "<group>"; };
		387002822DC99A6500CFE492 /* MatchesViewModel.swift */ = {isa = PBXFileReference; lastKnownFileType = sourcecode.swift; path = MatchesViewModel.swift; sourceTree = "<group>"; };
		387003022DD66CE300CFE492 /* Constants.swift */ = {isa = PBXFileReference; lastKnownFileType = sourcecode.swift; path = Constants.swift; sourceTree = "<group>"; };
		387003202DD66DC700CFE492 /* MatchService.swift */ = {isa = PBXFileReference; lastKnownFileType = sourcecode.swift; path = MatchService.swift; sourceTree = "<group>"; };
		6708CB6D2DA74987005F087B /* GoogleService-Info.plist */ = {isa = PBXFileReference; lastKnownFileType = text.plist.xml; path = "GoogleService-Info.plist"; sourceTree = "<group>"; };
		67BD4FD02DBD898A005E5D36 /* EditProfileView.swift */ = {isa = PBXFileReference; lastKnownFileType = sourcecode.swift; path = EditProfileView.swift; sourceTree = "<group>"; };
		67BD4FD22DBD89CC005E5D36 /* MatchPreferencesView.swift */ = {isa = PBXFileReference; lastKnownFileType = sourcecode.swift; path = MatchPreferencesView.swift; sourceTree = "<group>"; };
		67FB4F5D2DC6E6D8004D392E /* CompleteProfileView.swift */ = {isa = PBXFileReference; lastKnownFileType = sourcecode.swift; path = CompleteProfileView.swift; sourceTree = "<group>"; };
/* End PBXFileReference section */

/* Begin PBXFrameworksBuildPhase section */
		385980642D9DC33F000B4E83 /* Frameworks */ = {
			isa = PBXFrameworksBuildPhase;
			buildActionMask = 2147483647;
			files = (
				6748A3372DA74EC700AF1132 /* FirebaseFirestoreCombine-Community in Frameworks */,
				6748A34D2DA74EC700AF1132 /* FirebaseVertexAI in Frameworks */,
				6748A3392DA74EC700AF1132 /* FirebaseFunctions in Frameworks */,
				6748A3452DA74EC700AF1132 /* FirebasePerformance in Frameworks */,
				6748A34B2DA74EC700AF1132 /* FirebaseStorageCombine-Community in Frameworks */,
				6748A3472DA74EC700AF1132 /* FirebaseRemoteConfig in Frameworks */,
				6748A3312DA74EC700AF1132 /* FirebaseDatabase in Frameworks */,
				6748A3332DA74EC700AF1132 /* FirebaseDynamicLinks in Frameworks */,
				6748A3252DA74EC700AF1132 /* FirebaseAppCheck in Frameworks */,
				6748A3292DA74EC700AF1132 /* FirebaseAuth in Frameworks */,
				6748A31F2DA74EC700AF1132 /* FirebaseAnalytics in Frameworks */,
				6748A3352DA74EC700AF1132 /* FirebaseFirestore in Frameworks */,
				6748A3432DA74EC700AF1132 /* FirebaseMessaging in Frameworks */,
				6748A33F2DA74EC700AF1132 /* FirebaseInstallations in Frameworks */,
				6748A33B2DA74EC700AF1132 /* FirebaseFunctionsCombine-Community in Frameworks */,
				6748A3272DA74EC700AF1132 /* FirebaseAppDistribution-Beta in Frameworks */,
				6748A3232DA74EC700AF1132 /* FirebaseAnalyticsWithoutAdIdSupport in Frameworks */,
				6748A33D2DA74EC700AF1132 /* FirebaseInAppMessaging-Beta in Frameworks */,
				6748A32B2DA74EC700AF1132 /* FirebaseAuthCombine-Community in Frameworks */,
				6748A32F2DA74EC700AF1132 /* FirebaseCrashlytics in Frameworks */,
				6748A3412DA74EC700AF1132 /* FirebaseMLModelDownloader in Frameworks */,
				6748A3492DA74EC700AF1132 /* FirebaseStorage in Frameworks */,
				6748A32D2DA74EC700AF1132 /* FirebaseCore in Frameworks */,
				6748A3212DA74EC700AF1132 /* FirebaseAnalyticsOnDeviceConversion in Frameworks */,
			);
			runOnlyForDeploymentPostprocessing = 0;
		};
/* End PBXFrameworksBuildPhase section */

/* Begin PBXGroup section */
		3859805E2D9DC33F000B4E83 = {
			isa = PBXGroup;
			children = (
				3859807D2D9DC345000B4E83 /* iOS-TwoQ */,
				385980682D9DC33F000B4E83 /* Products */,
			);
			sourceTree = "<group>";
		};
		385980682D9DC33F000B4E83 /* Products */ = {
			isa = PBXGroup;
			children = (
				385980672D9DC33F000B4E83 /* iOS-TwoQ.app */,
			);
			name = Products;
			sourceTree = "<group>";
		};
		385980792D9DC345000B4E83 /* Preview Content */ = {
			isa = PBXGroup;
			children = (
				385980782D9DC345000B4E83 /* Preview Assets.xcassets */,
			);
			path = "Preview Content";
			sourceTree = "<group>";
		};
		3859807D2D9DC345000B4E83 /* iOS-TwoQ */ = {
			isa = PBXGroup;
			children = (
				385980822D9DC3E7000B4E83 /* App */,
				387002772DB8944600CFE492 /* Services */,
				385980832D9DC3EE000B4E83 /* Models */,
				385980852D9DC3FC000B4E83 /* ViewModels */,
				385980842D9DC3F5000B4E83 /* Views */,
				3870027A2DC27CDA00CFE492 /* Widgets */,
				3859807A2D9DC345000B4E83 /* Assets.xcassets */,
				6708CB6D2DA74987005F087B /* GoogleService-Info.plist */,
				385980792D9DC345000B4E83 /* Preview Content */,
			);
			path = "iOS-TwoQ";
			sourceTree = "<group>";
		};
		385980822D9DC3E7000B4E83 /* App */ = {
			isa = PBXGroup;
			children = (
				3859807C2D9DC345000B4E83 /* iOS_TwoQApp.swift */,
			);
			path = App;
			sourceTree = "<group>";
		};
		385980832D9DC3EE000B4E83 /* Models */ = {
			isa = PBXGroup;
			children = (
				385980A02DA758B5000B4E83 /* Mock */,
				385980892D9DC477000B4E83 /* User.swift */,
				385980C62DB095DF000B4E83 /* Models.swift */,
				387003022DD66CE300CFE492 /* Constants.swift */,
			);
			path = Models;
			sourceTree = "<group>";
		};
		385980842D9DC3F5000B4E83 /* Views */ = {
			isa = PBXGroup;
			children = (
				3859807B2D9DC345000B4E83 /* ContentView.swift */,
				3859808B2D9DC50F000B4E83 /* MainView.swift */,
				385980882D9DC447000B4E83 /* Cards */,
				3859808D2D9DC5B2000B4E83 /* Matches */,
				385980872D9DC43F000B4E83 /* Profile */,
				385980862D9DC429000B4E83 /* Login */,
			);
			path = Views;
			sourceTree = "<group>";
		};
		385980852D9DC3FC000B4E83 /* ViewModels */ = {
			isa = PBXGroup;
			children = (
				385980992D9E001F000B4E83 /* AuthViewModel.swift */,
				387002752DB892B700CFE492 /* CardsViewModel.swift */,
				387002822DC99A6500CFE492 /* MatchesViewModel.swift */,
			);
			path = ViewModels;
			sourceTree = "<group>";
		};
		385980862D9DC429000B4E83 /* Login */ = {
			isa = PBXGroup;
			children = (
				385980952D9E0001000B4E83 /* LoginView.swift */,
				385980942D9DC6F3000B4E83 /* Registration */,
			);
			path = Login;
			sourceTree = "<group>";
		};
		385980872D9DC43F000B4E83 /* Profile */ = {
			isa = PBXGroup;
			children = (
				385980902D9DC5F9000B4E83 /* UserProfileView.swift */,
				67BD4FD02DBD898A005E5D36 /* EditProfileView.swift */,
			);
			path = Profile;
			sourceTree = "<group>";
		};
		385980882D9DC447000B4E83 /* Cards */ = {
			isa = PBXGroup;
			children = (
				385980A32DA75A95000B4E83 /* CardWidgets */,
				3859808E2D9DC5DA000B4E83 /* CardStackView.swift */,
				3859809B2D9E3C88000B4E83 /* UserCardView.swift */,
				3870027E2DC2830C00CFE492 /* CardLoadingView.swift */,
			);
			path = Cards;
			sourceTree = "<group>";
		};
		3859808D2D9DC5B2000B4E83 /* Matches */ = {
			isa = PBXGroup;
			children = (
				385980922D9DC61A000B4E83 /* MatchesView.swift */,
				67BD4FD22DBD89CC005E5D36 /* MatchPreferencesView.swift */,
			);
			path = Matches;
			sourceTree = "<group>";
		};
		385980942D9DC6F3000B4E83 /* Registration */ = {
			isa = PBXGroup;
			children = (
				385980972D9E0014000B4E83 /* RegistrationView.swift */,
				67FB4F5D2DC6E6D8004D392E /* CompleteProfileView.swift */,
			);
			path = Registration;
			sourceTree = "<group>";
		};
		385980A02DA758B5000B4E83 /* Mock */ = {
			isa = PBXGroup;
			children = (
				385980A12DA758C3000B4E83 /* MockUser.swift */,
			);
			path = Mock;
			sourceTree = "<group>";
		};
		385980A32DA75A95000B4E83 /* CardWidgets */ = {
			isa = PBXGroup;
			children = (
				385980A42DA75ABF000B4E83 /* TagBubbleView.swift */,
				385980A62DA75FC6000B4E83 /* PromptResponseBubbleView.swift */,
				385980A82DA76729000B4E83 /* UserSynopsisView.swift */,
			);
			path = CardWidgets;
			sourceTree = "<group>";
		};
		387002772DB8944600CFE492 /* Services */ = {
			isa = PBXGroup;
			children = (
				387002782DB8945B00CFE492 /* CardService.swift */,
				387003202DD66DC700CFE492 /* MatchService.swift */,
			);
			path = Services;
			sourceTree = "<group>";
		};
		3870027A2DC27CDA00CFE492 /* Widgets */ = {
			isa = PBXGroup;
			children = (
				3870027C2DC27CFE00CFE492 /* SkeletonView.swift */,
				387002802DC2925A00CFE492 /* MatchButtonsView.swift */,
			);
			path = Widgets;
			sourceTree = "<group>";
		};
/* End PBXGroup section */

/* Begin PBXNativeTarget section */
		385980662D9DC33F000B4E83 /* iOS-TwoQ */ = {
			isa = PBXNativeTarget;
			buildConfigurationList = 385980752D9DC341000B4E83 /* Build configuration list for PBXNativeTarget "iOS-TwoQ" */;
			buildPhases = (
				385980632D9DC33F000B4E83 /* Sources */,
				385980642D9DC33F000B4E83 /* Frameworks */,
				385980652D9DC33F000B4E83 /* Resources */,
			);
			buildRules = (
			);
			dependencies = (
			);
			name = "iOS-TwoQ";
			packageProductDependencies = (
				6748A31E2DA74EC700AF1132 /* FirebaseAnalytics */,
				6748A3202DA74EC700AF1132 /* FirebaseAnalyticsOnDeviceConversion */,
				6748A3222DA74EC700AF1132 /* FirebaseAnalyticsWithoutAdIdSupport */,
				6748A3242DA74EC700AF1132 /* FirebaseAppCheck */,
				6748A3262DA74EC700AF1132 /* FirebaseAppDistribution-Beta */,
				6748A3282DA74EC700AF1132 /* FirebaseAuth */,
				6748A32A2DA74EC700AF1132 /* FirebaseAuthCombine-Community */,
				6748A32C2DA74EC700AF1132 /* FirebaseCore */,
				6748A32E2DA74EC700AF1132 /* FirebaseCrashlytics */,
				6748A3302DA74EC700AF1132 /* FirebaseDatabase */,
				6748A3322DA74EC700AF1132 /* FirebaseDynamicLinks */,
				6748A3342DA74EC700AF1132 /* FirebaseFirestore */,
				6748A3362DA74EC700AF1132 /* FirebaseFirestoreCombine-Community */,
				6748A3382DA74EC700AF1132 /* FirebaseFunctions */,
				6748A33A2DA74EC700AF1132 /* FirebaseFunctionsCombine-Community */,
				6748A33C2DA74EC700AF1132 /* FirebaseInAppMessaging-Beta */,
				6748A33E2DA74EC700AF1132 /* FirebaseInstallations */,
				6748A3402DA74EC700AF1132 /* FirebaseMLModelDownloader */,
				6748A3422DA74EC700AF1132 /* FirebaseMessaging */,
				6748A3442DA74EC700AF1132 /* FirebasePerformance */,
				6748A3462DA74EC700AF1132 /* FirebaseRemoteConfig */,
				6748A3482DA74EC700AF1132 /* FirebaseStorage */,
				6748A34A2DA74EC700AF1132 /* FirebaseStorageCombine-Community */,
				6748A34C2DA74EC700AF1132 /* FirebaseVertexAI */,
			);
			productName = "iOS-TwoQ";
			productReference = 385980672D9DC33F000B4E83 /* iOS-TwoQ.app */;
			productType = "com.apple.product-type.application";
		};
/* End PBXNativeTarget section */

/* Begin PBXProject section */
		3859805F2D9DC33F000B4E83 /* Project object */ = {
			isa = PBXProject;
			attributes = {
				BuildIndependentTargetsInParallel = 1;
				LastSwiftUpdateCheck = 1620;
				LastUpgradeCheck = 1620;
				TargetAttributes = {
					385980662D9DC33F000B4E83 = {
						CreatedOnToolsVersion = 16.2;
					};
				};
			};
			buildConfigurationList = 385980622D9DC33F000B4E83 /* Build configuration list for PBXProject "iOS-TwoQ" */;
			developmentRegion = en;
			hasScannedForEncodings = 0;
			knownRegions = (
				en,
				Base,
			);
			mainGroup = 3859805E2D9DC33F000B4E83;
			minimizedProjectReferenceProxies = 1;
			packageReferences = (
				6708CB6F2DA74AD1005F087B /* XCRemoteSwiftPackageReference "firebase-ios-sdk" */,
			);
			preferredProjectObjectVersion = 77;
			productRefGroup = 385980682D9DC33F000B4E83 /* Products */;
			projectDirPath = "";
			projectRoot = "";
			targets = (
				385980662D9DC33F000B4E83 /* iOS-TwoQ */,
			);
		};
/* End PBXProject section */

/* Begin PBXResourcesBuildPhase section */
		385980652D9DC33F000B4E83 /* Resources */ = {
			isa = PBXResourcesBuildPhase;
			buildActionMask = 2147483647;
			files = (
				385980802D9DC345000B4E83 /* Preview Assets.xcassets in Resources */,
				385980812D9DC345000B4E83 /* Assets.xcassets in Resources */,
				6708CB6E2DA74987005F087B /* GoogleService-Info.plist in Resources */,
			);
			runOnlyForDeploymentPostprocessing = 0;
		};
/* End PBXResourcesBuildPhase section */

/* Begin PBXSourcesBuildPhase section */
		385980632D9DC33F000B4E83 /* Sources */ = {
			isa = PBXSourcesBuildPhase;
			buildActionMask = 2147483647;
			files = (
				67BD4FD12DBD898A005E5D36 /* EditProfileView.swift in Sources */,
				67FB4F5E2DC6E6D8004D392E /* CompleteProfileView.swift in Sources */,
				385980C72DB095DF000B4E83 /* Models.swift in Sources */,
				387002762DB892B700CFE492 /* CardsViewModel.swift in Sources */,
				3859809A2D9E001F000B4E83 /* AuthViewModel.swift in Sources */,
				385980A92DA76729000B4E83 /* UserSynopsisView.swift in Sources */,
				387003212DD66DC700CFE492 /* MatchService.swift in Sources */,
				385980A72DA75FC6000B4E83 /* PromptResponseBubbleView.swift in Sources */,
				385980A52DA75ABF000B4E83 /* TagBubbleView.swift in Sources */,
				3859808F2D9DC5DA000B4E83 /* CardStackView.swift in Sources */,
				387002792DB8945B00CFE492 /* CardService.swift in Sources */,
				385980932D9DC61A000B4E83 /* MatchesView.swift in Sources */,
				3859807E2D9DC345000B4E83 /* ContentView.swift in Sources */,
				385980982D9E0014000B4E83 /* RegistrationView.swift in Sources */,
				3859808C2D9DC50F000B4E83 /* MainView.swift in Sources */,
				67BD4FD32DBD89CC005E5D36 /* MatchPreferencesView.swift in Sources */,
				3859807F2D9DC345000B4E83 /* iOS_TwoQApp.swift in Sources */,
				3870027D2DC27CFE00CFE492 /* SkeletonView.swift in Sources */,
				387002812DC2925A00CFE492 /* MatchButtonsView.swift in Sources */,
				3859808A2D9DC477000B4E83 /* User.swift in Sources */,
				387002832DC99A6500CFE492 /* MatchesViewModel.swift in Sources */,
				3859809C2D9E3C88000B4E83 /* UserCardView.swift in Sources */,
				385980962D9E0001000B4E83 /* LoginView.swift in Sources */,
				385980A22DA758C3000B4E83 /* MockUser.swift in Sources */,
				385980912D9DC5F9000B4E83 /* UserProfileView.swift in Sources */,
				3870027F2DC2830C00CFE492 /* CardLoadingView.swift in Sources */,
				387003032DD66CE300CFE492 /* Constants.swift in Sources */,
			);
			runOnlyForDeploymentPostprocessing = 0;
		};
/* End PBXSourcesBuildPhase section */

/* Begin XCBuildConfiguration section */
		385980732D9DC341000B4E83 /* Debug */ = {
			isa = XCBuildConfiguration;
			buildSettings = {
				ALWAYS_SEARCH_USER_PATHS = NO;
				ASSETCATALOG_COMPILER_GENERATE_SWIFT_ASSET_SYMBOL_EXTENSIONS = YES;
				CLANG_ANALYZER_NONNULL = YES;
				CLANG_ANALYZER_NUMBER_OBJECT_CONVERSION = YES_AGGRESSIVE;
				CLANG_CXX_LANGUAGE_STANDARD = "gnu++20";
				CLANG_ENABLE_MODULES = YES;
				CLANG_ENABLE_OBJC_ARC = YES;
				CLANG_ENABLE_OBJC_WEAK = YES;
				CLANG_WARN_BLOCK_CAPTURE_AUTORELEASING = YES;
				CLANG_WARN_BOOL_CONVERSION = YES;
				CLANG_WARN_COMMA = YES;
				CLANG_WARN_CONSTANT_CONVERSION = YES;
				CLANG_WARN_DEPRECATED_OBJC_IMPLEMENTATIONS = YES;
				CLANG_WARN_DIRECT_OBJC_ISA_USAGE = YES_ERROR;
				CLANG_WARN_DOCUMENTATION_COMMENTS = YES;
				CLANG_WARN_EMPTY_BODY = YES;
				CLANG_WARN_ENUM_CONVERSION = YES;
				CLANG_WARN_INFINITE_RECURSION = YES;
				CLANG_WARN_INT_CONVERSION = YES;
				CLANG_WARN_NON_LITERAL_NULL_CONVERSION = YES;
				CLANG_WARN_OBJC_IMPLICIT_RETAIN_SELF = YES;
				CLANG_WARN_OBJC_LITERAL_CONVERSION = YES;
				CLANG_WARN_OBJC_ROOT_CLASS = YES_ERROR;
				CLANG_WARN_QUOTED_INCLUDE_IN_FRAMEWORK_HEADER = YES;
				CLANG_WARN_RANGE_LOOP_ANALYSIS = YES;
				CLANG_WARN_STRICT_PROTOTYPES = YES;
				CLANG_WARN_SUSPICIOUS_MOVE = YES;
				CLANG_WARN_UNGUARDED_AVAILABILITY = YES_AGGRESSIVE;
				CLANG_WARN_UNREACHABLE_CODE = YES;
				CLANG_WARN__DUPLICATE_METHOD_MATCH = YES;
				COPY_PHASE_STRIP = NO;
				DEBUG_INFORMATION_FORMAT = dwarf;
				ENABLE_STRICT_OBJC_MSGSEND = YES;
				ENABLE_TESTABILITY = YES;
				ENABLE_USER_SCRIPT_SANDBOXING = YES;
				GCC_C_LANGUAGE_STANDARD = gnu17;
				GCC_DYNAMIC_NO_PIC = NO;
				GCC_NO_COMMON_BLOCKS = YES;
				GCC_OPTIMIZATION_LEVEL = 0;
				GCC_PREPROCESSOR_DEFINITIONS = (
					"DEBUG=1",
					"$(inherited)",
				);
				GCC_WARN_64_TO_32_BIT_CONVERSION = YES;
				GCC_WARN_ABOUT_RETURN_TYPE = YES_ERROR;
				GCC_WARN_UNDECLARED_SELECTOR = YES;
				GCC_WARN_UNINITIALIZED_AUTOS = YES_AGGRESSIVE;
				GCC_WARN_UNUSED_FUNCTION = YES;
				GCC_WARN_UNUSED_VARIABLE = YES;
				IPHONEOS_DEPLOYMENT_TARGET = 18.2;
				LOCALIZATION_PREFERS_STRING_CATALOGS = YES;
				MTL_ENABLE_DEBUG_INFO = INCLUDE_SOURCE;
				MTL_FAST_MATH = YES;
				ONLY_ACTIVE_ARCH = YES;
				SDKROOT = iphoneos;
				SWIFT_ACTIVE_COMPILATION_CONDITIONS = "DEBUG $(inherited)";
				SWIFT_OPTIMIZATION_LEVEL = "-Onone";
			};
			name = Debug;
		};
		385980742D9DC341000B4E83 /* Release */ = {
			isa = XCBuildConfiguration;
			buildSettings = {
				ALWAYS_SEARCH_USER_PATHS = NO;
				ASSETCATALOG_COMPILER_GENERATE_SWIFT_ASSET_SYMBOL_EXTENSIONS = YES;
				CLANG_ANALYZER_NONNULL = YES;
				CLANG_ANALYZER_NUMBER_OBJECT_CONVERSION = YES_AGGRESSIVE;
				CLANG_CXX_LANGUAGE_STANDARD = "gnu++20";
				CLANG_ENABLE_MODULES = YES;
				CLANG_ENABLE_OBJC_ARC = YES;
				CLANG_ENABLE_OBJC_WEAK = YES;
				CLANG_WARN_BLOCK_CAPTURE_AUTORELEASING = YES;
				CLANG_WARN_BOOL_CONVERSION = YES;
				CLANG_WARN_COMMA = YES;
				CLANG_WARN_CONSTANT_CONVERSION = YES;
				CLANG_WARN_DEPRECATED_OBJC_IMPLEMENTATIONS = YES;
				CLANG_WARN_DIRECT_OBJC_ISA_USAGE = YES_ERROR;
				CLANG_WARN_DOCUMENTATION_COMMENTS = YES;
				CLANG_WARN_EMPTY_BODY = YES;
				CLANG_WARN_ENUM_CONVERSION = YES;
				CLANG_WARN_INFINITE_RECURSION = YES;
				CLANG_WARN_INT_CONVERSION = YES;
				CLANG_WARN_NON_LITERAL_NULL_CONVERSION = YES;
				CLANG_WARN_OBJC_IMPLICIT_RETAIN_SELF = YES;
				CLANG_WARN_OBJC_LITERAL_CONVERSION = YES;
				CLANG_WARN_OBJC_ROOT_CLASS = YES_ERROR;
				CLANG_WARN_QUOTED_INCLUDE_IN_FRAMEWORK_HEADER = YES;
				CLANG_WARN_RANGE_LOOP_ANALYSIS = YES;
				CLANG_WARN_STRICT_PROTOTYPES = YES;
				CLANG_WARN_SUSPICIOUS_MOVE = YES;
				CLANG_WARN_UNGUARDED_AVAILABILITY = YES_AGGRESSIVE;
				CLANG_WARN_UNREACHABLE_CODE = YES;
				CLANG_WARN__DUPLICATE_METHOD_MATCH = YES;
				COPY_PHASE_STRIP = NO;
				DEBUG_INFORMATION_FORMAT = "dwarf-with-dsym";
				ENABLE_NS_ASSERTIONS = NO;
				ENABLE_STRICT_OBJC_MSGSEND = YES;
				ENABLE_USER_SCRIPT_SANDBOXING = YES;
				GCC_C_LANGUAGE_STANDARD = gnu17;
				GCC_NO_COMMON_BLOCKS = YES;
				GCC_WARN_64_TO_32_BIT_CONVERSION = YES;
				GCC_WARN_ABOUT_RETURN_TYPE = YES_ERROR;
				GCC_WARN_UNDECLARED_SELECTOR = YES;
				GCC_WARN_UNINITIALIZED_AUTOS = YES_AGGRESSIVE;
				GCC_WARN_UNUSED_FUNCTION = YES;
				GCC_WARN_UNUSED_VARIABLE = YES;
				IPHONEOS_DEPLOYMENT_TARGET = 18.2;
				LOCALIZATION_PREFERS_STRING_CATALOGS = YES;
				MTL_ENABLE_DEBUG_INFO = NO;
				MTL_FAST_MATH = YES;
				SDKROOT = iphoneos;
				SWIFT_COMPILATION_MODE = wholemodule;
				VALIDATE_PRODUCT = YES;
			};
			name = Release;
		};
		385980762D9DC341000B4E83 /* Debug */ = {
			isa = XCBuildConfiguration;
			buildSettings = {
				ASSETCATALOG_COMPILER_APPICON_NAME = AppIcon;
				ASSETCATALOG_COMPILER_GLOBAL_ACCENT_COLOR_NAME = AccentColor;
				CODE_SIGN_STYLE = Automatic;
				CURRENT_PROJECT_VERSION = 1;
				DEVELOPMENT_ASSET_PATHS = "\"iOS-TwoQ/Preview Content\"";
				DEVELOPMENT_TEAM = 356X6XF9UX;
				ENABLE_PREVIEWS = YES;
				GENERATE_INFOPLIST_FILE = YES;
				INFOPLIST_KEY_UIApplicationSceneManifest_Generation = YES;
				INFOPLIST_KEY_UIApplicationSupportsIndirectInputEvents = YES;
				INFOPLIST_KEY_UILaunchScreen_Generation = YES;
				INFOPLIST_KEY_UISupportedInterfaceOrientations_iPad = "UIInterfaceOrientationPortrait UIInterfaceOrientationPortraitUpsideDown UIInterfaceOrientationLandscapeLeft UIInterfaceOrientationLandscapeRight";
				INFOPLIST_KEY_UISupportedInterfaceOrientations_iPhone = "UIInterfaceOrientationPortrait UIInterfaceOrientationLandscapeLeft UIInterfaceOrientationLandscapeRight";
				LD_RUNPATH_SEARCH_PATHS = (
					"$(inherited)",
					"@executable_path/Frameworks",
				);
				MARKETING_VERSION = 1.0;
				PRODUCT_BUNDLE_IDENTIFIER = "com.alfredo.iOS-TwoQ";
				PRODUCT_NAME = "$(TARGET_NAME)";
				SWIFT_EMIT_LOC_STRINGS = YES;
				SWIFT_VERSION = 5.0;
				TARGETED_DEVICE_FAMILY = "1,2";
			};
			name = Debug;
		};
		385980772D9DC341000B4E83 /* Release */ = {
			isa = XCBuildConfiguration;
			buildSettings = {
				ASSETCATALOG_COMPILER_APPICON_NAME = AppIcon;
				ASSETCATALOG_COMPILER_GLOBAL_ACCENT_COLOR_NAME = AccentColor;
				CODE_SIGN_STYLE = Automatic;
				CURRENT_PROJECT_VERSION = 1;
				DEVELOPMENT_ASSET_PATHS = "\"iOS-TwoQ/Preview Content\"";
				DEVELOPMENT_TEAM = 356X6XF9UX;
				ENABLE_PREVIEWS = YES;
				GENERATE_INFOPLIST_FILE = YES;
				INFOPLIST_KEY_UIApplicationSceneManifest_Generation = YES;
				INFOPLIST_KEY_UIApplicationSupportsIndirectInputEvents = YES;
				INFOPLIST_KEY_UILaunchScreen_Generation = YES;
				INFOPLIST_KEY_UISupportedInterfaceOrientations_iPad = "UIInterfaceOrientationPortrait UIInterfaceOrientationPortraitUpsideDown UIInterfaceOrientationLandscapeLeft UIInterfaceOrientationLandscapeRight";
				INFOPLIST_KEY_UISupportedInterfaceOrientations_iPhone = "UIInterfaceOrientationPortrait UIInterfaceOrientationLandscapeLeft UIInterfaceOrientationLandscapeRight";
				LD_RUNPATH_SEARCH_PATHS = (
					"$(inherited)",
					"@executable_path/Frameworks",
				);
				MARKETING_VERSION = 1.0;
				PRODUCT_BUNDLE_IDENTIFIER = "com.alfredo.iOS-TwoQ";
				PRODUCT_NAME = "$(TARGET_NAME)";
				SWIFT_EMIT_LOC_STRINGS = YES;
				SWIFT_VERSION = 5.0;
				TARGETED_DEVICE_FAMILY = "1,2";
			};
			name = Release;
		};
/* End XCBuildConfiguration section */

/* Begin XCConfigurationList section */
		385980622D9DC33F000B4E83 /* Build configuration list for PBXProject "iOS-TwoQ" */ = {
			isa = XCConfigurationList;
			buildConfigurations = (
				385980732D9DC341000B4E83 /* Debug */,
				385980742D9DC341000B4E83 /* Release */,
			);
			defaultConfigurationIsVisible = 0;
			defaultConfigurationName = Release;
		};
		385980752D9DC341000B4E83 /* Build configuration list for PBXNativeTarget "iOS-TwoQ" */ = {
			isa = XCConfigurationList;
			buildConfigurations = (
				385980762D9DC341000B4E83 /* Debug */,
				385980772D9DC341000B4E83 /* Release */,
			);
			defaultConfigurationIsVisible = 0;
			defaultConfigurationName = Release;
		};
/* End XCConfigurationList section */

/* Begin XCRemoteSwiftPackageReference section */
		6708CB6F2DA74AD1005F087B /* XCRemoteSwiftPackageReference "firebase-ios-sdk" */ = {
			isa = XCRemoteSwiftPackageReference;
			repositoryURL = "https://github.com/firebase/firebase-ios-sdk";
			requirement = {
				kind = upToNextMajorVersion;
				minimumVersion = 11.11.0;
			};
		};
/* End XCRemoteSwiftPackageReference section */

/* Begin XCSwiftPackageProductDependency section */
		6748A31E2DA74EC700AF1132 /* FirebaseAnalytics */ = {
			isa = XCSwiftPackageProductDependency;
			package = 6708CB6F2DA74AD1005F087B /* XCRemoteSwiftPackageReference "firebase-ios-sdk" */;
			productName = FirebaseAnalytics;
		};
		6748A3202DA74EC700AF1132 /* FirebaseAnalyticsOnDeviceConversion */ = {
			isa = XCSwiftPackageProductDependency;
			package = 6708CB6F2DA74AD1005F087B /* XCRemoteSwiftPackageReference "firebase-ios-sdk" */;
			productName = FirebaseAnalyticsOnDeviceConversion;
		};
		6748A3222DA74EC700AF1132 /* FirebaseAnalyticsWithoutAdIdSupport */ = {
			isa = XCSwiftPackageProductDependency;
			package = 6708CB6F2DA74AD1005F087B /* XCRemoteSwiftPackageReference "firebase-ios-sdk" */;
			productName = FirebaseAnalyticsWithoutAdIdSupport;
		};
		6748A3242DA74EC700AF1132 /* FirebaseAppCheck */ = {
			isa = XCSwiftPackageProductDependency;
			package = 6708CB6F2DA74AD1005F087B /* XCRemoteSwiftPackageReference "firebase-ios-sdk" */;
			productName = FirebaseAppCheck;
		};
		6748A3262DA74EC700AF1132 /* FirebaseAppDistribution-Beta */ = {
			isa = XCSwiftPackageProductDependency;
			package = 6708CB6F2DA74AD1005F087B /* XCRemoteSwiftPackageReference "firebase-ios-sdk" */;
			productName = "FirebaseAppDistribution-Beta";
		};
		6748A3282DA74EC700AF1132 /* FirebaseAuth */ = {
			isa = XCSwiftPackageProductDependency;
			package = 6708CB6F2DA74AD1005F087B /* XCRemoteSwiftPackageReference "firebase-ios-sdk" */;
			productName = FirebaseAuth;
		};
		6748A32A2DA74EC700AF1132 /* FirebaseAuthCombine-Community */ = {
			isa = XCSwiftPackageProductDependency;
			package = 6708CB6F2DA74AD1005F087B /* XCRemoteSwiftPackageReference "firebase-ios-sdk" */;
			productName = "FirebaseAuthCombine-Community";
		};
		6748A32C2DA74EC700AF1132 /* FirebaseCore */ = {
			isa = XCSwiftPackageProductDependency;
			package = 6708CB6F2DA74AD1005F087B /* XCRemoteSwiftPackageReference "firebase-ios-sdk" */;
			productName = FirebaseCore;
		};
		6748A32E2DA74EC700AF1132 /* FirebaseCrashlytics */ = {
			isa = XCSwiftPackageProductDependency;
			package = 6708CB6F2DA74AD1005F087B /* XCRemoteSwiftPackageReference "firebase-ios-sdk" */;
			productName = FirebaseCrashlytics;
		};
		6748A3302DA74EC700AF1132 /* FirebaseDatabase */ = {
			isa = XCSwiftPackageProductDependency;
			package = 6708CB6F2DA74AD1005F087B /* XCRemoteSwiftPackageReference "firebase-ios-sdk" */;
			productName = FirebaseDatabase;
		};
		6748A3322DA74EC700AF1132 /* FirebaseDynamicLinks */ = {
			isa = XCSwiftPackageProductDependency;
			package = 6708CB6F2DA74AD1005F087B /* XCRemoteSwiftPackageReference "firebase-ios-sdk" */;
			productName = FirebaseDynamicLinks;
		};
		6748A3342DA74EC700AF1132 /* FirebaseFirestore */ = {
			isa = XCSwiftPackageProductDependency;
			package = 6708CB6F2DA74AD1005F087B /* XCRemoteSwiftPackageReference "firebase-ios-sdk" */;
			productName = FirebaseFirestore;
		};
		6748A3362DA74EC700AF1132 /* FirebaseFirestoreCombine-Community */ = {
			isa = XCSwiftPackageProductDependency;
			package = 6708CB6F2DA74AD1005F087B /* XCRemoteSwiftPackageReference "firebase-ios-sdk" */;
			productName = "FirebaseFirestoreCombine-Community";
		};
		6748A3382DA74EC700AF1132 /* FirebaseFunctions */ = {
			isa = XCSwiftPackageProductDependency;
			package = 6708CB6F2DA74AD1005F087B /* XCRemoteSwiftPackageReference "firebase-ios-sdk" */;
			productName = FirebaseFunctions;
		};
		6748A33A2DA74EC700AF1132 /* FirebaseFunctionsCombine-Community */ = {
			isa = XCSwiftPackageProductDependency;
			package = 6708CB6F2DA74AD1005F087B /* XCRemoteSwiftPackageReference "firebase-ios-sdk" */;
			productName = "FirebaseFunctionsCombine-Community";
		};
		6748A33C2DA74EC700AF1132 /* FirebaseInAppMessaging-Beta */ = {
			isa = XCSwiftPackageProductDependency;
			package = 6708CB6F2DA74AD1005F087B /* XCRemoteSwiftPackageReference "firebase-ios-sdk" */;
			productName = "FirebaseInAppMessaging-Beta";
		};
		6748A33E2DA74EC700AF1132 /* FirebaseInstallations */ = {
			isa = XCSwiftPackageProductDependency;
			package = 6708CB6F2DA74AD1005F087B /* XCRemoteSwiftPackageReference "firebase-ios-sdk" */;
			productName = FirebaseInstallations;
		};
		6748A3402DA74EC700AF1132 /* FirebaseMLModelDownloader */ = {
			isa = XCSwiftPackageProductDependency;
			package = 6708CB6F2DA74AD1005F087B /* XCRemoteSwiftPackageReference "firebase-ios-sdk" */;
			productName = FirebaseMLModelDownloader;
		};
		6748A3422DA74EC700AF1132 /* FirebaseMessaging */ = {
			isa = XCSwiftPackageProductDependency;
			package = 6708CB6F2DA74AD1005F087B /* XCRemoteSwiftPackageReference "firebase-ios-sdk" */;
			productName = FirebaseMessaging;
		};
		6748A3442DA74EC700AF1132 /* FirebasePerformance */ = {
			isa = XCSwiftPackageProductDependency;
			package = 6708CB6F2DA74AD1005F087B /* XCRemoteSwiftPackageReference "firebase-ios-sdk" */;
			productName = FirebasePerformance;
		};
		6748A3462DA74EC700AF1132 /* FirebaseRemoteConfig */ = {
			isa = XCSwiftPackageProductDependency;
			package = 6708CB6F2DA74AD1005F087B /* XCRemoteSwiftPackageReference "firebase-ios-sdk" */;
			productName = FirebaseRemoteConfig;
		};
		6748A3482DA74EC700AF1132 /* FirebaseStorage */ = {
			isa = XCSwiftPackageProductDependency;
			package = 6708CB6F2DA74AD1005F087B /* XCRemoteSwiftPackageReference "firebase-ios-sdk" */;
			productName = FirebaseStorage;
		};
		6748A34A2DA74EC700AF1132 /* FirebaseStorageCombine-Community */ = {
			isa = XCSwiftPackageProductDependency;
			package = 6708CB6F2DA74AD1005F087B /* XCRemoteSwiftPackageReference "firebase-ios-sdk" */;
			productName = "FirebaseStorageCombine-Community";
		};
		6748A34C2DA74EC700AF1132 /* FirebaseVertexAI */ = {
			isa = XCSwiftPackageProductDependency;
			package = 6708CB6F2DA74AD1005F087B /* XCRemoteSwiftPackageReference "firebase-ios-sdk" */;
			productName = FirebaseVertexAI;
		};
/* End XCSwiftPackageProductDependency section */
	};
	rootObject = 3859805F2D9DC33F000B4E83 /* Project object */;
}
